// !$*UTF8*$!
{
	archiveVersion = 1;
	classes = {
	};
	objectVersion = 46;
	objects = {

/* Begin PBXBuildFile section */
		30498FC81CE22F63008E9BF4 /* RestaurantDetailViewController.swift in Sources */ = {isa = PBXBuildFile; fileRef = 30498FC71CE22F63008E9BF4 /* RestaurantDetailViewController.swift */; };
		304B3C681CE7771B0058C423 /* ReviewViewController.swift in Sources */ = {isa = PBXBuildFile; fileRef = 304B3C671CE7771B0058C423 /* ReviewViewController.swift */; };
		309B2F1D1CE85E4300FA6AAF /* MapKit.framework in Frameworks */ = {isa = PBXBuildFile; fileRef = 309B2F1C1CE85E4300FA6AAF /* MapKit.framework */; };
		309B2F1F1CE863A400FA6AAF /* MapViewController.swift in Sources */ = {isa = PBXBuildFile; fileRef = 309B2F1E1CE863A400FA6AAF /* MapViewController.swift */; };
		F91CCC7B1CE9651B0035B4FB /* AddRestaurantTableViewController.swift in Sources */ = {isa = PBXBuildFile; fileRef = F91CCC7A1CE9651B0035B4FB /* AddRestaurantTableViewController.swift */; };
		F91CCC801CE986D30035B4FB /* FoodPin.xcdatamodeld in Sources */ = {isa = PBXBuildFile; fileRef = F91CCC7E1CE986D30035B4FB /* FoodPin.xcdatamodeld */; };
		F91CCC821CE9AF0C0035B4FB /* WalkthroughContentViewController.swift in Sources */ = {isa = PBXBuildFile; fileRef = F91CCC811CE9AF0C0035B4FB /* WalkthroughContentViewController.swift */; };
		F91CCC841CE9B0500035B4FB /* WalkthroughPageViewController.swift in Sources */ = {isa = PBXBuildFile; fileRef = F91CCC831CE9B0500035B4FB /* WalkthroughPageViewController.swift */; };
		F91CCC871CE9C6C10035B4FB /* about.storyboard in Resources */ = {isa = PBXBuildFile; fileRef = F91CCC851CE9C6C10035B4FB /* about.storyboard */; };
		F91CCC8A1CE9C7090035B4FB /* discover.storyboard in Resources */ = {isa = PBXBuildFile; fileRef = F91CCC881CE9C7090035B4FB /* discover.storyboard */; };
		F92E3BEC1CDB09FD002E9A63 /* AppDelegate.swift in Sources */ = {isa = PBXBuildFile; fileRef = F92E3BEB1CDB09FD002E9A63 /* AppDelegate.swift */; };
		F92E3BF11CDB09FD002E9A63 /* Main.storyboard in Resources */ = {isa = PBXBuildFile; fileRef = F92E3BEF1CDB09FD002E9A63 /* Main.storyboard */; };
		F92E3BF31CDB09FD002E9A63 /* Assets.xcassets in Resources */ = {isa = PBXBuildFile; fileRef = F92E3BF21CDB09FD002E9A63 /* Assets.xcassets */; };
		F92E3BF61CDB09FD002E9A63 /* LaunchScreen.storyboard in Resources */ = {isa = PBXBuildFile; fileRef = F92E3BF41CDB09FD002E9A63 /* LaunchScreen.storyboard */; };
		F92E3BFE1CDB0ACB002E9A63 /* RestaurantTableViewController.swift in Sources */ = {isa = PBXBuildFile; fileRef = F92E3BFD1CDB0ACB002E9A63 /* RestaurantTableViewController.swift */; };
		F92E3C291CDC497F002E9A63 /* RestaurantTableViewCell.swift in Sources */ = {isa = PBXBuildFile; fileRef = F92E3C281CDC497F002E9A63 /* RestaurantTableViewCell.swift */; };
		F92E3C2B1CE304E9002E9A63 /* Restaurant.swift in Sources */ = {isa = PBXBuildFile; fileRef = F92E3C2A1CE304E9002E9A63 /* Restaurant.swift */; };
		F92E3C2D1CE318ED002E9A63 /* RestaurantDetailTableViewCell.swift in Sources */ = {isa = PBXBuildFile; fileRef = F92E3C2C1CE318ED002E9A63 /* RestaurantDetailTableViewCell.swift */; };
/* End PBXBuildFile section */

/* Begin PBXFileReference section */
		30498FC71CE22F63008E9BF4 /* RestaurantDetailViewController.swift */ = {isa = PBXFileReference; fileEncoding = 4; lastKnownFileType = sourcecode.swift; path = RestaurantDetailViewController.swift; sourceTree = "<group>"; };
		304B3C671CE7771B0058C423 /* ReviewViewController.swift */ = {isa = PBXFileReference; fileEncoding = 4; lastKnownFileType = sourcecode.swift; path = ReviewViewController.swift; sourceTree = "<group>"; };
		309B2F1C1CE85E4300FA6AAF /* MapKit.framework */ = {isa = PBXFileReference; lastKnownFileType = wrapper.framework; name = MapKit.framework; path = System/Library/Frameworks/MapKit.framework; sourceTree = SDKROOT; };
		309B2F1E1CE863A400FA6AAF /* MapViewController.swift */ = {isa = PBXFileReference; fileEncoding = 4; lastKnownFileType = sourcecode.swift; path = MapViewController.swift; sourceTree = "<group>"; };
		F91CCC7A1CE9651B0035B4FB /* AddRestaurantTableViewController.swift */ = {isa = PBXFileReference; fileEncoding = 4; lastKnownFileType = sourcecode.swift; path = AddRestaurantTableViewController.swift; sourceTree = "<group>"; };
		F91CCC7F1CE986D30035B4FB /* FoodPin.xcdatamodel */ = {isa = PBXFileReference; lastKnownFileType = wrapper.xcdatamodel; path = FoodPin.xcdatamodel; sourceTree = "<group>"; };
		F91CCC811CE9AF0C0035B4FB /* WalkthroughContentViewController.swift */ = {isa = PBXFileReference; fileEncoding = 4; lastKnownFileType = sourcecode.swift; path = WalkthroughContentViewController.swift; sourceTree = "<group>"; };
		F91CCC831CE9B0500035B4FB /* WalkthroughPageViewController.swift */ = {isa = PBXFileReference; fileEncoding = 4; lastKnownFileType = sourcecode.swift; path = WalkthroughPageViewController.swift; sourceTree = "<group>"; };
		F91CCC861CE9C6C10035B4FB /* Base */ = {isa = PBXFileReference; lastKnownFileType = file.storyboard; name = Base; path = Base.lproj/about.storyboard; sourceTree = "<group>"; };
		F91CCC891CE9C7090035B4FB /* Base */ = {isa = PBXFileReference; lastKnownFileType = file.storyboard; name = Base; path = Base.lproj/discover.storyboard; sourceTree = "<group>"; };
		F92E3BE81CDB09FD002E9A63 /* FoodPin.app */ = {isa = PBXFileReference; explicitFileType = wrapper.application; includeInIndex = 0; path = FoodPin.app; sourceTree = BUILT_PRODUCTS_DIR; };
		F92E3BEB1CDB09FD002E9A63 /* AppDelegate.swift */ = {isa = PBXFileReference; lastKnownFileType = sourcecode.swift; path = AppDelegate.swift; sourceTree = "<group>"; };
		F92E3BF01CDB09FD002E9A63 /* Base */ = {isa = PBXFileReference; lastKnownFileType = file.storyboard; name = Base; path = Base.lproj/Main.storyboard; sourceTree = "<group>"; };
		F92E3BF21CDB09FD002E9A63 /* Assets.xcassets */ = {isa = PBXFileReference; lastKnownFileType = folder.assetcatalog; path = Assets.xcassets; sourceTree = "<group>"; };
		F92E3BF51CDB09FD002E9A63 /* Base */ = {isa = PBXFileReference; lastKnownFileType = file.storyboard; name = Base; path = Base.lproj/LaunchScreen.storyboard; sourceTree = "<group>"; };
		F92E3BF71CDB09FD002E9A63 /* Info.plist */ = {isa = PBXFileReference; lastKnownFileType = text.plist.xml; path = Info.plist; sourceTree = "<group>"; };
		F92E3BFD1CDB0ACB002E9A63 /* RestaurantTableViewController.swift */ = {isa = PBXFileReference; fileEncoding = 4; lastKnownFileType = sourcecode.swift; path = RestaurantTableViewController.swift; sourceTree = "<group>"; };
		F92E3C281CDC497F002E9A63 /* RestaurantTableViewCell.swift */ = {isa = PBXFileReference; fileEncoding = 4; lastKnownFileType = sourcecode.swift; path = RestaurantTableViewCell.swift; sourceTree = "<group>"; };
		F92E3C2A1CE304E9002E9A63 /* Restaurant.swift */ = {isa = PBXFileReference; fileEncoding = 4; lastKnownFileType = sourcecode.swift; path = Restaurant.swift; sourceTree = "<group>"; };
		F92E3C2C1CE318ED002E9A63 /* RestaurantDetailTableViewCell.swift */ = {isa = PBXFileReference; fileEncoding = 4; lastKnownFileType = sourcecode.swift; path = RestaurantDetailTableViewCell.swift; sourceTree = "<group>"; };
/* End PBXFileReference section */

/* Begin PBXFrameworksBuildPhase section */
		F92E3BE51CDB09FD002E9A63 /* Frameworks */ = {
			isa = PBXFrameworksBuildPhase;
			buildActionMask = 2147483647;
			files = (
				309B2F1D1CE85E4300FA6AAF /* MapKit.framework in Frameworks */,
			);
			runOnlyForDeploymentPostprocessing = 0;
		};
/* End PBXFrameworksBuildPhase section */

/* Begin PBXGroup section */
		F91CCC7D1CE986B10035B4FB /* DataBase */ = {
			isa = PBXGroup;
			children = (
				F91CCC7E1CE986D30035B4FB /* FoodPin.xcdatamodeld */,
			);
			name = DataBase;
			sourceTree = "<group>";
		};
		F92E3BDF1CDB09FD002E9A63 = {
			isa = PBXGroup;
			children = (
				309B2F1C1CE85E4300FA6AAF /* MapKit.framework */,
				F92E3BEA1CDB09FD002E9A63 /* FoodPin */,
				F92E3BE91CDB09FD002E9A63 /* Products */,
			);
			sourceTree = "<group>";
		};
		F92E3BE91CDB09FD002E9A63 /* Products */ = {
			isa = PBXGroup;
			children = (
				F92E3BE81CDB09FD002E9A63 /* FoodPin.app */,
			);
			name = Products;
			sourceTree = "<group>";
		};
		F92E3BEA1CDB09FD002E9A63 /* FoodPin */ = {
			isa = PBXGroup;
			children = (
				F91CCC7D1CE986B10035B4FB /* DataBase */,
				F92E3BEB1CDB09FD002E9A63 /* AppDelegate.swift */,
				F92E3BFD1CDB0ACB002E9A63 /* RestaurantTableViewController.swift */,
				F92E3C281CDC497F002E9A63 /* RestaurantTableViewCell.swift */,
				30498FC71CE22F63008E9BF4 /* RestaurantDetailViewController.swift */,
				F92E3C2C1CE318ED002E9A63 /* RestaurantDetailTableViewCell.swift */,
				F92E3C2A1CE304E9002E9A63 /* Restaurant.swift */,
				304B3C671CE7771B0058C423 /* ReviewViewController.swift */,
				309B2F1E1CE863A400FA6AAF /* MapViewController.swift */,
				F91CCC7A1CE9651B0035B4FB /* AddRestaurantTableViewController.swift */,
				F91CCC831CE9B0500035B4FB /* WalkthroughPageViewController.swift */,
				F91CCC811CE9AF0C0035B4FB /* WalkthroughContentViewController.swift */,
				F92E3BEF1CDB09FD002E9A63 /* Main.storyboard */,
				F91CCC881CE9C7090035B4FB /* discover.storyboard */,
				F91CCC851CE9C6C10035B4FB /* about.storyboard */,
				F92E3BF21CDB09FD002E9A63 /* Assets.xcassets */,
				F92E3BF41CDB09FD002E9A63 /* LaunchScreen.storyboard */,
				F92E3BF71CDB09FD002E9A63 /* Info.plist */,
			);
			path = FoodPin;
			sourceTree = "<group>";
		};
/* End PBXGroup section */

/* Begin PBXNativeTarget section */
		F92E3BE71CDB09FD002E9A63 /* FoodPin */ = {
			isa = PBXNativeTarget;
			buildConfigurationList = F92E3BFA1CDB09FD002E9A63 /* Build configuration list for PBXNativeTarget "FoodPin" */;
			buildPhases = (
				F92E3BE41CDB09FD002E9A63 /* Sources */,
				F92E3BE51CDB09FD002E9A63 /* Frameworks */,
				F92E3BE61CDB09FD002E9A63 /* Resources */,
			);
			buildRules = (
			);
			dependencies = (
			);
			name = FoodPin;
			productName = FoodPin;
			productReference = F92E3BE81CDB09FD002E9A63 /* FoodPin.app */;
			productType = "com.apple.product-type.application";
		};
/* End PBXNativeTarget section */

/* Begin PBXProject section */
		F92E3BE01CDB09FD002E9A63 /* Project object */ = {
			isa = PBXProject;
			attributes = {
				LastSwiftUpdateCheck = 0720;
				LastUpgradeCheck = 0720;
				ORGANIZATIONNAME = Even;
				TargetAttributes = {
					F92E3BE71CDB09FD002E9A63 = {
						CreatedOnToolsVersion = 7.2;
						SystemCapabilities = {
							com.apple.Maps.iOS = {
								enabled = 1;
							};
						};
					};
				};
			};
			buildConfigurationList = F92E3BE31CDB09FD002E9A63 /* Build configuration list for PBXProject "FoodPin" */;
			compatibilityVersion = "Xcode 3.2";
			developmentRegion = English;
			hasScannedForEncodings = 0;
			knownRegions = (
				en,
				Base,
			);
			mainGroup = F92E3BDF1CDB09FD002E9A63;
			productRefGroup = F92E3BE91CDB09FD002E9A63 /* Products */;
			projectDirPath = "";
			projectRoot = "";
			targets = (
				F92E3BE71CDB09FD002E9A63 /* FoodPin */,
			);
		};
/* End PBXProject section */

/* Begin PBXResourcesBuildPhase section */
		F92E3BE61CDB09FD002E9A63 /* Resources */ = {
			isa = PBXResourcesBuildPhase;
			buildActionMask = 2147483647;
			files = (
				F92E3BF61CDB09FD002E9A63 /* LaunchScreen.storyboard in Resources */,
				F92E3BF31CDB09FD002E9A63 /* Assets.xcassets in Resources */,
				F91CCC8A1CE9C7090035B4FB /* discover.storyboard in Resources */,
				F91CCC871CE9C6C10035B4FB /* about.storyboard in Resources */,
				F92E3BF11CDB09FD002E9A63 /* Main.storyboard in Resources */,
			);
			runOnlyForDeploymentPostprocessing = 0;
		};
/* End PBXResourcesBuildPhase section */

/* Begin PBXSourcesBuildPhase section */
		F92E3BE41CDB09FD002E9A63 /* Sources */ = {
			isa = PBXSourcesBuildPhase;
			buildActionMask = 2147483647;
			files = (
				F92E3C2B1CE304E9002E9A63 /* Restaurant.swift in Sources */,
				F91CCC7B1CE9651B0035B4FB /* AddRestaurantTableViewController.swift in Sources */,
				F92E3BFE1CDB0ACB002E9A63 /* RestaurantTableViewController.swift in Sources */,
				304B3C681CE7771B0058C423 /* ReviewViewController.swift in Sources */,
				F92E3C291CDC497F002E9A63 /* RestaurantTableViewCell.swift in Sources */,
				F91CCC821CE9AF0C0035B4FB /* WalkthroughContentViewController.swift in Sources */,
				F91CCC841CE9B0500035B4FB /* WalkthroughPageViewController.swift in Sources */,
				F91CCC801CE986D30035B4FB /* FoodPin.xcdatamodeld in Sources */,
				F92E3C2D1CE318ED002E9A63 /* RestaurantDetailTableViewCell.swift in Sources */,
				30498FC81CE22F63008E9BF4 /* RestaurantDetailViewController.swift in Sources */,
				F92E3BEC1CDB09FD002E9A63 /* AppDelegate.swift in Sources */,
				309B2F1F1CE863A400FA6AAF /* MapViewController.swift in Sources */,
			);
			runOnlyForDeploymentPostprocessing = 0;
		};
/* End PBXSourcesBuildPhase section */

/* Begin PBXVariantGroup section */
		F91CCC851CE9C6C10035B4FB /* about.storyboard */ = {
			isa = PBXVariantGroup;
			children = (
				F91CCC861CE9C6C10035B4FB /* Base */,
			);
			name = about.storyboard;
			sourceTree = "<group>";
		};
		F91CCC881CE9C7090035B4FB /* discover.storyboard */ = {
			isa = PBXVariantGroup;
			children = (
				F91CCC891CE9C7090035B4FB /* Base */,
			);
			name = discover.storyboard;
			sourceTree = "<group>";
		};
		F92E3BEF1CDB09FD002E9A63 /* Main.storyboard */ = {
			isa = PBXVariantGroup;
			children = (
				F92E3BF01CDB09FD002E9A63 /* Base */,
			);
			name = Main.storyboard;
			sourceTree = "<group>";
		};
		F92E3BF41CDB09FD002E9A63 /* LaunchScreen.storyboard */ = {
			isa = PBXVariantGroup;
			children = (
				F92E3BF51CDB09FD002E9A63 /* Base */,
			);
			name = LaunchScreen.storyboard;
			sourceTree = "<group>";
		};
/* End PBXVariantGroup section */

/* Begin XCBuildConfiguration section */
		F92E3BF81CDB09FD002E9A63 /* Debug */ = {
			isa = XCBuildConfiguration;
			buildSettings = {
				ALWAYS_SEARCH_USER_PATHS = NO;
				CLANG_CXX_LANGUAGE_STANDARD = "gnu++0x";
				CLANG_CXX_LIBRARY = "libc++";
				CLANG_ENABLE_MODULES = YES;
				CLANG_ENABLE_OBJC_ARC = YES;
				CLANG_WARN_BOOL_CONVERSION = YES;
				CLANG_WARN_CONSTANT_CONVERSION = YES;
				CLANG_WARN_DIRECT_OBJC_ISA_USAGE = YES_ERROR;
				CLANG_WARN_EMPTY_BODY = YES;
				CLANG_WARN_ENUM_CONVERSION = YES;
				CLANG_WARN_INT_CONVERSION = YES;
				CLANG_WARN_OBJC_ROOT_CLASS = YES_ERROR;
				CLANG_WARN_UNREACHABLE_CODE = YES;
				CLANG_WARN__DUPLICATE_METHOD_MATCH = YES;
				"CODE_SIGN_IDENTITY[sdk=iphoneos*]" = "iPhone Developer";
				COPY_PHASE_STRIP = NO;
				DEBUG_INFORMATION_FORMAT = dwarf;
				ENABLE_STRICT_OBJC_MSGSEND = YES;
				ENABLE_TESTABILITY = YES;
				GCC_C_LANGUAGE_STANDARD = gnu99;
				GCC_DYNAMIC_NO_PIC = NO;
				GCC_NO_COMMON_BLOCKS = YES;
				GCC_OPTIMIZATION_LEVEL = 0;
				GCC_PREPROCESSOR_DEFINITIONS = (
					"DEBUG=1",
					"$(inherited)",
				);
				GCC_WARN_64_TO_32_BIT_CONVERSION = YES;
				GCC_WARN_ABOUT_RETURN_TYPE = YES_ERROR;
				GCC_WARN_UNDECLARED_SELECTOR = YES;
				GCC_WARN_UNINITIALIZED_AUTOS = YES_AGGRESSIVE;
				GCC_WARN_UNUSED_FUNCTION = YES;
				GCC_WARN_UNUSED_VARIABLE = YES;
				IPHONEOS_DEPLOYMENT_TARGET = 9.2;
				MTL_ENABLE_DEBUG_INFO = YES;
				ONLY_ACTIVE_ARCH = YES;
				SDKROOT = iphoneos;
				SWIFT_OPTIMIZATION_LEVEL = "-Onone";
			};
			name = Debug;
		};
		F92E3BF91CDB09FD002E9A63 /* Release */ = {
			isa = XCBuildConfiguration;
			buildSettings = {
				ALWAYS_SEARCH_USER_PATHS = NO;
				CLANG_CXX_LANGUAGE_STANDARD = "gnu++0x";
				CLANG_CXX_LIBRARY = "libc++";
				CLANG_ENABLE_MODULES = YES;
				CLANG_ENABLE_OBJC_ARC = YES;
				CLANG_WARN_BOOL_CONVERSION = YES;
				CLANG_WARN_CONSTANT_CONVERSION = YES;
				CLANG_WARN_DIRECT_OBJC_ISA_USAGE = YES_ERROR;
				CLANG_WARN_EMPTY_BODY = YES;
				CLANG_WARN_ENUM_CONVERSION = YES;
				CLANG_WARN_INT_CONVERSION = YES;
				CLANG_WARN_OBJC_ROOT_CLASS = YES_ERROR;
				CLANG_WARN_UNREACHABLE_CODE = YES;
				CLANG_WARN__DUPLICATE_METHOD_MATCH = YES;
				"CODE_SIGN_IDENTITY[sdk=iphoneos*]" = "iPhone Developer";
				COPY_PHASE_STRIP = NO;
				DEBUG_INFORMATION_FORMAT = "dwarf-with-dsym";
				ENABLE_NS_ASSERTIONS = NO;
				ENABLE_STRICT_OBJC_MSGSEND = YES;
				GCC_C_LANGUAGE_STANDARD = gnu99;
				GCC_NO_COMMON_BLOCKS = YES;
				GCC_WARN_64_TO_32_BIT_CONVERSION = YES;
				GCC_WARN_ABOUT_RETURN_TYPE = YES_ERROR;
				GCC_WARN_UNDECLARED_SELECTOR = YES;
				GCC_WARN_UNINITIALIZED_AUTOS = YES_AGGRESSIVE;
				GCC_WARN_UNUSED_FUNCTION = YES;
				GCC_WARN_UNUSED_VARIABLE = YES;
				IPHONEOS_DEPLOYMENT_TARGET = 9.2;
				MTL_ENABLE_DEBUG_INFO = NO;
				SDKROOT = iphoneos;
				VALIDATE_PRODUCT = YES;
			};
			name = Release;
		};
		F92E3BFB1CDB09FD002E9A63 /* Debug */ = {
			isa = XCBuildConfiguration;
			buildSettings = {
				ASSETCATALOG_COMPILER_APPICON_NAME = AppIcon;
				INFOPLIST_FILE = FoodPin/Info.plist;
				LD_RUNPATH_SEARCH_PATHS = "$(inherited) @executable_path/Frameworks";
				PRODUCT_BUNDLE_IDENTIFIER = com.even.FoodPin;
				PRODUCT_NAME = "$(TARGET_NAME)";
			};
			name = Debug;
		};
		F92E3BFC1CDB09FD002E9A63 /* Release */ = {
			isa = XCBuildConfiguration;
			buildSettings = {
				ASSETCATALOG_COMPILER_APPICON_NAME = AppIcon;
				INFOPLIST_FILE = FoodPin/Info.plist;
				LD_RUNPATH_SEARCH_PATHS = "$(inherited) @executable_path/Frameworks";
				PRODUCT_BUNDLE_IDENTIFIER = com.even.FoodPin;
				PRODUCT_NAME = "$(TARGET_NAME)";
			};
			name = Release;
		};
/* End XCBuildConfiguration section */

/* Begin XCConfigurationList section */
		F92E3BE31CDB09FD002E9A63 /* Build configuration list for PBXProject "FoodPin" */ = {
			isa = XCConfigurationList;
			buildConfigurations = (
				F92E3BF81CDB09FD002E9A63 /* Debug */,
				F92E3BF91CDB09FD002E9A63 /* Release */,
			);
			defaultConfigurationIsVisible = 0;
			defaultConfigurationName = Release;
		};
		F92E3BFA1CDB09FD002E9A63 /* Build configuration list for PBXNativeTarget "FoodPin" */ = {
			isa = XCConfigurationList;
			buildConfigurations = (
				F92E3BFB1CDB09FD002E9A63 /* Debug */,
				F92E3BFC1CDB09FD002E9A63 /* Release */,
			);
			defaultConfigurationIsVisible = 0;
			defaultConfigurationName = Release;
		};
/* End XCConfigurationList section */

/* Begin XCVersionGroup section */
		F91CCC7E1CE986D30035B4FB /* FoodPin.xcdatamodeld */ = {
			isa = XCVersionGroup;
			children = (
				F91CCC7F1CE986D30035B4FB /* FoodPin.xcdatamodel */,
			);
			currentVersion = F91CCC7F1CE986D30035B4FB /* FoodPin.xcdatamodel */;
			path = FoodPin.xcdatamodeld;
			sourceTree = "<group>";
			versionGroupType = wrapper.xcdatamodel;
		};
/* End XCVersionGroup section */
	};
	rootObject = F92E3BE01CDB09FD002E9A63 /* Project object */;
}
